<?xml version="1.0" encoding="utf-8"?>
<Project ToolsVersion="4.0" xmlns="http://schemas.microsoft.com/developer/msbuild/2003">
  <ItemGroup>
    <Filter Include="Source Files">
      <UniqueIdentifier>{4FC737F1-C7A5-4376-A066-2A32D752A2FF}</UniqueIdentifier>
      <Extensions>cpp;c;cc;cxx;def;odl;idl;hpj;bat;asm;asmx</Extensions>
    </Filter>
    <Filter Include="Header Files">
      <UniqueIdentifier>{93995380-89BD-4b04-88EB-625FBE52EBFB}</UniqueIdentifier>
      <Extensions>h;hh;hpp;hxx;hm;inl;inc;ipp;xsd</Extensions>
    </Filter>
    <Filter Include="Resource Files">
      <UniqueIdentifier>{67DA6AB6-F800-4c08-8B7A-83BB121AAD01}</UniqueIdentifier>
      <Extensions>rc;ico;cur;bmp;dlg;rc2;rct;bin;rgs;gif;jpg;jpeg;jpe;resx;tiff;tif;png;wav;mfcribbon-ms</Extensions>
    </Filter>
    <Filter Include="Source Files\Rendering">
      <UniqueIdentifier>{c2315e26-d9d7-431c-968d-ddbd04c39b25}</UniqueIdentifier>
    </Filter>
    <Filter Include="Header Files\Rendering">
      <UniqueIdentifier>{64ae253c-228d-483e-a096-5d8e3f2d0137}</UniqueIdentifier>
    </Filter>
    <Filter Include="Source Files\EventHandler">
      <UniqueIdentifier>{1b620713-ac67-4b39-950d-00dba9c280d8}</UniqueIdentifier>
    </Filter>
    <Filter Include="Header Files\EventHandler">
      <UniqueIdentifier>{e769ba08-6c38-4612-a5d6-134d15e22c46}</UniqueIdentifier>
    </Filter>
    <Filter Include="Header Files\Maths">
      <UniqueIdentifier>{7ad4b81f-8986-4855-a9c8-33b6b9eb7230}</UniqueIdentifier>
    </Filter>
    <Filter Include="Source Files\Maths">
      <UniqueIdentifier>{6a30f75e-72d5-4e9a-a196-25cd542b527b}</UniqueIdentifier>
    </Filter>
    <Filter Include="Source Files\Entities">
      <UniqueIdentifier>{81910476-55b8-4e40-9ece-2c455d5b8947}</UniqueIdentifier>
    </Filter>
    <Filter Include="Header Files\Entites">
      <UniqueIdentifier>{238488d9-0431-46ec-894f-ded736f5b9c5}</UniqueIdentifier>
    </Filter>
  </ItemGroup>
  <ItemGroup>
    <ClCompile Include="Main.cpp">
      <Filter>Source Files</Filter>
    </ClCompile>
    <ClCompile Include="Program.cpp">
      <Filter>Source Files</Filter>
    </ClCompile>
    <ClCompile Include="Shader.cpp">
      <Filter>Source Files\Rendering</Filter>
    </ClCompile>
    <ClCompile Include="EventHandler.cpp">
      <Filter>Source Files\EventHandler</Filter>
    </ClCompile>
    <ClCompile Include="Camera.cpp">
      <Filter>Source Files\Entities</Filter>
    </ClCompile>
    <ClCompile Include="Maths.cpp">
      <Filter>Source Files\Maths</Filter>
    </ClCompile>
    <ClCompile Include="glad.c">
      <Filter>Source Files</Filter>
    </ClCompile>
    <ClCompile Include="projectile.cpp">
      <Filter>Source Files\Entities</Filter>
    </ClCompile>
  </ItemGroup>
  <ItemGroup>
    <ClInclude Include="Program.h">
      <Filter>Header Files</Filter>
    </ClInclude>
    <ClInclude Include="Shader.h">
      <Filter>Header Files\Rendering</Filter>
    </ClInclude>
    <ClInclude Include="EventHandler.h">
      <Filter>Header Files\EventHandler</Filter>
    </ClInclude>
    <ClInclude Include="Maths.h">
      <Filter>Header Files\Maths</Filter>
    </ClInclude>
    <ClInclude Include="Camera.h">
      <Filter>Header Files\Entites</Filter>
    </ClInclude>
    <ClInclude Include="projectile.h">
      <Filter>Header Files\Entites</Filter>
    </ClInclude>
  </ItemGroup>
  <ItemGroup>
    <None Include="Resources\Shaders\RayMarchingFrag.shader">
      <Filter>Resource Files</Filter>
    </None>
    <None Include="Resources\Shaders\RayMarchingVertex.shader">
      <Filter>Resource Files</Filter>
    </None>
  </ItemGroup>
</Project>